<?xml version="1.0" encoding="utf-8"?>
<Project ToolsVersion="17.0" xmlns="http://schemas.microsoft.com/developer/msbuild/2003">
  <ItemGroup>
    <CustomBuild Include="C:\Users\enkel\OneDrive\Dokument\GitHub\AW-Comps\clap-saw-demo-imgui\CMakeFiles\e150ea7077900fd86b8a9141afcb0480\INSTALL_force.rule">
      <Filter>CMake Rules</Filter>
    </CustomBuild>
  </ItemGroup>
  <ItemGroup>
    <Filter Include="CMake Rules">
      <UniqueIdentifier>{F31B999F-7601-37C3-A3B4-78B683B190F4}</UniqueIdentifier>
    </Filter>
  </ItemGroup>
</Project>
